// !$*UTF8*$!
{
	archiveVersion = 1;
	classes = {
	};
	objectVersion = 50;
	objects = {

/* Begin PBXBuildFile section */
		84EA4E7A225CB7EF00201D20 /* ObjectiveCV.framework in Frameworks */ = {isa = PBXBuildFile; fileRef = 84EA4E70225CB7EE00201D20 /* ObjectiveCV.framework */; };
		84EA4E7F225CB7EF00201D20 /* ObjectiveCVTests.m in Sources */ = {isa = PBXBuildFile; fileRef = 84EA4E7E225CB7EF00201D20 /* ObjectiveCVTests.m */; };
		84EA4E81225CB7EF00201D20 /* ObjectiveCV.h in Headers */ = {isa = PBXBuildFile; fileRef = 84EA4E73225CB7EE00201D20 /* ObjectiveCV.h */; settings = {ATTRIBUTES = (Public, ); }; };
		84EA4E8C225CC7FA00201D20 /* OpenCV.h in Headers */ = {isa = PBXBuildFile; fileRef = 84EA4E8A225CC7FA00201D20 /* OpenCV.h */; settings = {ATTRIBUTES = (Public, ); }; };
		84EA4E8D225CC7FA00201D20 /* OpenCV.mm in Sources */ = {isa = PBXBuildFile; fileRef = 84EA4E8B225CC7FA00201D20 /* OpenCV.mm */; };
		84EA4F27225DF64B00201D20 /* OCVMat.h in Headers */ = {isa = PBXBuildFile; fileRef = 84EA4F25225DF64B00201D20 /* OCVMat.h */; settings = {ATTRIBUTES = (Public, ); }; };
		84EA4F28225DF64B00201D20 /* OCVMat.mm in Sources */ = {isa = PBXBuildFile; fileRef = 84EA4F26225DF64B00201D20 /* OCVMat.mm */; };
		84EA4F2D225E205A00201D20 /* FeatureDetection.h in Headers */ = {isa = PBXBuildFile; fileRef = 84EA4F2B225E205A00201D20 /* FeatureDetection.h */; settings = {ATTRIBUTES = (Public, ); }; };
		84EA4F2E225E205A00201D20 /* FeatureDetection.mm in Sources */ = {isa = PBXBuildFile; fileRef = 84EA4F2C225E205A00201D20 /* FeatureDetection.mm */; };
		84EA4F31225E4D7D00201D20 /* OCVSize.h in Headers */ = {isa = PBXBuildFile; fileRef = 84EA4F2F225E4D7D00201D20 /* OCVSize.h */; settings = {ATTRIBUTES = (Public, ); }; };
		84EA4F32225E4D7D00201D20 /* OCVSize.mm in Sources */ = {isa = PBXBuildFile; fileRef = 84EA4F30225E4D7D00201D20 /* OCVSize.mm */; };
		84EA4F34225F401500201D20 /* OCVMat+Private.h in Headers */ = {isa = PBXBuildFile; fileRef = 84EA4F2A225DFD5C00201D20 /* OCVMat+Private.h */; };
		84EA4F35225F401900201D20 /* OCVSize+Private.h in Headers */ = {isa = PBXBuildFile; fileRef = 84EA4F33225E4D9C00201D20 /* OCVSize+Private.h */; };
		84EA4F382266372E00201D20 /* Drawing.h in Headers */ = {isa = PBXBuildFile; fileRef = 84EA4F362266372E00201D20 /* Drawing.h */; settings = {ATTRIBUTES = (Public, ); }; };
		84EA4F392266372E00201D20 /* Drawing.mm in Sources */ = {isa = PBXBuildFile; fileRef = 84EA4F372266372E00201D20 /* Drawing.mm */; };
		84EA4F3C2266393E00201D20 /* OCVPoint.h in Headers */ = {isa = PBXBuildFile; fileRef = 84EA4F3A2266393E00201D20 /* OCVPoint.h */; settings = {ATTRIBUTES = (Public, ); }; };
		84EA4F3D2266393E00201D20 /* OCVPoint.mm in Sources */ = {isa = PBXBuildFile; fileRef = 84EA4F3B2266393E00201D20 /* OCVPoint.mm */; };
		84EA4F412266396B00201D20 /* OCVScalar.h in Headers */ = {isa = PBXBuildFile; fileRef = 84EA4F3F2266396B00201D20 /* OCVScalar.h */; settings = {ATTRIBUTES = (Public, ); }; };
		84EA4F422266396B00201D20 /* OCVScalar.mm in Sources */ = {isa = PBXBuildFile; fileRef = 84EA4F402266396B00201D20 /* OCVScalar.mm */; };
		84EA4F4422663BEB00201D20 /* OCVScalar+Private.h in Headers */ = {isa = PBXBuildFile; fileRef = 84EA4F432266397B00201D20 /* OCVScalar+Private.h */; };
		84EA4F4522663BF000201D20 /* OCVPoint+Private.h in Headers */ = {isa = PBXBuildFile; fileRef = 84EA4F3E2266395D00201D20 /* OCVPoint+Private.h */; };
		8C2DB51FD2532C3B0F9566C2 /* libPods-ObjectiveCV.a in Frameworks */ = {isa = PBXBuildFile; fileRef = EFB079BE1A16FEFFA56E680C /* libPods-ObjectiveCV.a */; };
		AA6F1AECCC76A4D28BCF1B6E /* libPods-ObjectiveCVTests.a in Frameworks */ = {isa = PBXBuildFile; fileRef = 442300169270C80C973A9E1A /* libPods-ObjectiveCVTests.a */; };
/* End PBXBuildFile section */

/* Begin PBXContainerItemProxy section */
		84EA4E7B225CB7EF00201D20 /* PBXContainerItemProxy */ = {
			isa = PBXContainerItemProxy;
			containerPortal = 84EA4E67225CB7EE00201D20 /* Project object */;
			proxyType = 1;
			remoteGlobalIDString = 84EA4E6F225CB7EE00201D20;
			remoteInfo = ObjectiveCV;
		};
/* End PBXContainerItemProxy section */

/* Begin PBXFileReference section */
		17477DE98572FAB0DC0E829E /* Pods-ObjectiveCVTests.release.xcconfig */ = {isa = PBXFileReference; includeInIndex = 1; lastKnownFileType = text.xcconfig; name = "Pods-ObjectiveCVTests.release.xcconfig"; path = "Pods/Target Support Files/Pods-ObjectiveCVTests/Pods-ObjectiveCVTests.release.xcconfig"; sourceTree = "<group>"; };
		442300169270C80C973A9E1A /* libPods-ObjectiveCVTests.a */ = {isa = PBXFileReference; explicitFileType = archive.ar; includeInIndex = 0; path = "libPods-ObjectiveCVTests.a"; sourceTree = BUILT_PRODUCTS_DIR; };
		814753A8B997134BEAC2BCD5 /* Pods-ObjectiveCV.debug.xcconfig */ = {isa = PBXFileReference; includeInIndex = 1; lastKnownFileType = text.xcconfig; name = "Pods-ObjectiveCV.debug.xcconfig"; path = "Pods/Target Support Files/Pods-ObjectiveCV/Pods-ObjectiveCV.debug.xcconfig"; sourceTree = "<group>"; };
		83ABD81061AE378EC46C4BEB /* Pods-ObjectiveCV.release.xcconfig */ = {isa = PBXFileReference; includeInIndex = 1; lastKnownFileType = text.xcconfig; name = "Pods-ObjectiveCV.release.xcconfig"; path = "Pods/Target Support Files/Pods-ObjectiveCV/Pods-ObjectiveCV.release.xcconfig"; sourceTree = "<group>"; };
		84EA4E70225CB7EE00201D20 /* ObjectiveCV.framework */ = {isa = PBXFileReference; explicitFileType = wrapper.framework; includeInIndex = 0; path = ObjectiveCV.framework; sourceTree = BUILT_PRODUCTS_DIR; };
		84EA4E73225CB7EE00201D20 /* ObjectiveCV.h */ = {isa = PBXFileReference; lastKnownFileType = sourcecode.c.h; path = ObjectiveCV.h; sourceTree = "<group>"; };
		84EA4E74225CB7EE00201D20 /* Info.plist */ = {isa = PBXFileReference; lastKnownFileType = text.plist.xml; path = Info.plist; sourceTree = "<group>"; };
		84EA4E79225CB7EF00201D20 /* ObjectiveCVTests.xctest */ = {isa = PBXFileReference; explicitFileType = wrapper.cfbundle; includeInIndex = 0; path = ObjectiveCVTests.xctest; sourceTree = BUILT_PRODUCTS_DIR; };
		84EA4E7E225CB7EF00201D20 /* ObjectiveCVTests.m */ = {isa = PBXFileReference; lastKnownFileType = sourcecode.c.objc; path = ObjectiveCVTests.m; sourceTree = "<group>"; };
		84EA4E80225CB7EF00201D20 /* Info.plist */ = {isa = PBXFileReference; lastKnownFileType = text.plist.xml; path = Info.plist; sourceTree = "<group>"; };
		84EA4E8A225CC7FA00201D20 /* OpenCV.h */ = {isa = PBXFileReference; lastKnownFileType = sourcecode.c.h; path = OpenCV.h; sourceTree = "<group>"; };
		84EA4E8B225CC7FA00201D20 /* OpenCV.mm */ = {isa = PBXFileReference; lastKnownFileType = sourcecode.cpp.objcpp; path = OpenCV.mm; sourceTree = "<group>"; };
		84EA4E8E225CC99900201D20 /* PrefixHeader.pch */ = {isa = PBXFileReference; lastKnownFileType = sourcecode.c.h; path = PrefixHeader.pch; sourceTree = "<group>"; };
		84EA4F25225DF64B00201D20 /* OCVMat.h */ = {isa = PBXFileReference; lastKnownFileType = sourcecode.c.h; path = OCVMat.h; sourceTree = "<group>"; };
		84EA4F26225DF64B00201D20 /* OCVMat.mm */ = {isa = PBXFileReference; lastKnownFileType = sourcecode.cpp.objcpp; path = OCVMat.mm; sourceTree = "<group>"; };
		84EA4F2A225DFD5C00201D20 /* OCVMat+Private.h */ = {isa = PBXFileReference; explicitFileType = sourcecode.cpp.h; path = "OCVMat+Private.h"; sourceTree = "<group>"; };
		84EA4F2B225E205A00201D20 /* FeatureDetection.h */ = {isa = PBXFileReference; lastKnownFileType = sourcecode.c.h; path = FeatureDetection.h; sourceTree = "<group>"; };
		84EA4F2C225E205A00201D20 /* FeatureDetection.mm */ = {isa = PBXFileReference; lastKnownFileType = sourcecode.cpp.objcpp; path = FeatureDetection.mm; sourceTree = "<group>"; };
		84EA4F2F225E4D7D00201D20 /* OCVSize.h */ = {isa = PBXFileReference; lastKnownFileType = sourcecode.c.h; path = OCVSize.h; sourceTree = "<group>"; };
		84EA4F30225E4D7D00201D20 /* OCVSize.mm */ = {isa = PBXFileReference; lastKnownFileType = sourcecode.cpp.objcpp; path = OCVSize.mm; sourceTree = "<group>"; };
		84EA4F33225E4D9C00201D20 /* OCVSize+Private.h */ = {isa = PBXFileReference; lastKnownFileType = sourcecode.c.h; path = "OCVSize+Private.h"; sourceTree = "<group>"; };
		84EA4F362266372E00201D20 /* Drawing.h */ = {isa = PBXFileReference; lastKnownFileType = sourcecode.c.h; path = Drawing.h; sourceTree = "<group>"; };
		84EA4F372266372E00201D20 /* Drawing.mm */ = {isa = PBXFileReference; lastKnownFileType = sourcecode.cpp.objcpp; path = Drawing.mm; sourceTree = "<group>"; };
		84EA4F3A2266393E00201D20 /* OCVPoint.h */ = {isa = PBXFileReference; lastKnownFileType = sourcecode.c.h; path = OCVPoint.h; sourceTree = "<group>"; };
		84EA4F3B2266393E00201D20 /* OCVPoint.mm */ = {isa = PBXFileReference; lastKnownFileType = sourcecode.cpp.objcpp; path = OCVPoint.mm; sourceTree = "<group>"; };
		84EA4F3E2266395D00201D20 /* OCVPoint+Private.h */ = {isa = PBXFileReference; lastKnownFileType = sourcecode.c.h; path = "OCVPoint+Private.h"; sourceTree = "<group>"; };
		84EA4F3F2266396B00201D20 /* OCVScalar.h */ = {isa = PBXFileReference; lastKnownFileType = sourcecode.c.h; path = OCVScalar.h; sourceTree = "<group>"; };
		84EA4F402266396B00201D20 /* OCVScalar.mm */ = {isa = PBXFileReference; lastKnownFileType = sourcecode.cpp.objcpp; path = OCVScalar.mm; sourceTree = "<group>"; };
		84EA4F432266397B00201D20 /* OCVScalar+Private.h */ = {isa = PBXFileReference; lastKnownFileType = sourcecode.c.h; path = "OCVScalar+Private.h"; sourceTree = "<group>"; };
		B67F6E9F6D0EBD7F753354C8 /* Pods-ObjectiveCVTests.debug.xcconfig */ = {isa = PBXFileReference; includeInIndex = 1; lastKnownFileType = text.xcconfig; name = "Pods-ObjectiveCVTests.debug.xcconfig"; path = "Pods/Target Support Files/Pods-ObjectiveCVTests/Pods-ObjectiveCVTests.debug.xcconfig"; sourceTree = "<group>"; };
		EFB079BE1A16FEFFA56E680C /* libPods-ObjectiveCV.a */ = {isa = PBXFileReference; explicitFileType = archive.ar; includeInIndex = 0; path = "libPods-ObjectiveCV.a"; sourceTree = BUILT_PRODUCTS_DIR; };
/* End PBXFileReference section */

/* Begin PBXFrameworksBuildPhase section */
		84EA4E6D225CB7EE00201D20 /* Frameworks */ = {
			isa = PBXFrameworksBuildPhase;
			buildActionMask = 2147483647;
			files = (
				8C2DB51FD2532C3B0F9566C2 /* libPods-ObjectiveCV.a in Frameworks */,
			);
			runOnlyForDeploymentPostprocessing = 0;
		};
		84EA4E76225CB7EF00201D20 /* Frameworks */ = {
			isa = PBXFrameworksBuildPhase;
			buildActionMask = 2147483647;
			files = (
				84EA4E7A225CB7EF00201D20 /* ObjectiveCV.framework in Frameworks */,
				AA6F1AECCC76A4D28BCF1B6E /* libPods-ObjectiveCVTests.a in Frameworks */,
			);
			runOnlyForDeploymentPostprocessing = 0;
		};
/* End PBXFrameworksBuildPhase section */

/* Begin PBXGroup section */
		84EA4E66225CB7EE00201D20 = {
			isa = PBXGroup;
			children = (
				84EA4E72225CB7EE00201D20 /* ObjectiveCV */,
				84EA4E7D225CB7EF00201D20 /* ObjectiveCVTests */,
				84EA4E71225CB7EE00201D20 /* Products */,
				BA310448F2D92938E05554B6 /* Pods */,
				A26F04804CF1C61B1BA1BD4B /* Frameworks */,
			);
			sourceTree = "<group>";
		};
		84EA4E71225CB7EE00201D20 /* Products */ = {
			isa = PBXGroup;
			children = (
				84EA4E70225CB7EE00201D20 /* ObjectiveCV.framework */,
				84EA4E79225CB7EF00201D20 /* ObjectiveCVTests.xctest */,
			);
			name = Products;
			sourceTree = "<group>";
		};
		84EA4E72225CB7EE00201D20 /* ObjectiveCV */ = {
			isa = PBXGroup;
			children = (
				84EA4E73225CB7EE00201D20 /* ObjectiveCV.h */,
				84EA4E8A225CC7FA00201D20 /* OpenCV.h */,
				84EA4E8B225CC7FA00201D20 /* OpenCV.mm */,
				84EA4F25225DF64B00201D20 /* OCVMat.h */,
				84EA4F2A225DFD5C00201D20 /* OCVMat+Private.h */,
				84EA4F26225DF64B00201D20 /* OCVMat.mm */,
				84EA4F2F225E4D7D00201D20 /* OCVSize.h */,
				84EA4F33225E4D9C00201D20 /* OCVSize+Private.h */,
				84EA4F30225E4D7D00201D20 /* OCVSize.mm */,
				84EA4F3A2266393E00201D20 /* OCVPoint.h */,
				84EA4F3E2266395D00201D20 /* OCVPoint+Private.h */,
				84EA4F3B2266393E00201D20 /* OCVPoint.mm */,
				84EA4F3F2266396B00201D20 /* OCVScalar.h */,
				84EA4F432266397B00201D20 /* OCVScalar+Private.h */,
				84EA4F402266396B00201D20 /* OCVScalar.mm */,
				84EA4F2B225E205A00201D20 /* FeatureDetection.h */,
				84EA4F2C225E205A00201D20 /* FeatureDetection.mm */,
				84EA4F362266372E00201D20 /* Drawing.h */,
				84EA4F372266372E00201D20 /* Drawing.mm */,
				84EA4E8E225CC99900201D20 /* PrefixHeader.pch */,
				84EA4E74225CB7EE00201D20 /* Info.plist */,
			);
			path = ObjectiveCV;
			sourceTree = "<group>";
		};
		84EA4E7D225CB7EF00201D20 /* ObjectiveCVTests */ = {
			isa = PBXGroup;
			children = (
				84EA4E7E225CB7EF00201D20 /* ObjectiveCVTests.m */,
				84EA4E80225CB7EF00201D20 /* Info.plist */,
			);
			path = ObjectiveCVTests;
			sourceTree = "<group>";
		};
		A26F04804CF1C61B1BA1BD4B /* Frameworks */ = {
			isa = PBXGroup;
			children = (
				EFB079BE1A16FEFFA56E680C /* libPods-ObjectiveCV.a */,
				442300169270C80C973A9E1A /* libPods-ObjectiveCVTests.a */,
			);
			name = Frameworks;
			sourceTree = "<group>";
		};
		BA310448F2D92938E05554B6 /* Pods */ = {
			isa = PBXGroup;
			children = (
				814753A8B997134BEAC2BCD5 /* Pods-ObjectiveCV.debug.xcconfig */,
				83ABD81061AE378EC46C4BEB /* Pods-ObjectiveCV.release.xcconfig */,
				B67F6E9F6D0EBD7F753354C8 /* Pods-ObjectiveCVTests.debug.xcconfig */,
				17477DE98572FAB0DC0E829E /* Pods-ObjectiveCVTests.release.xcconfig */,
			);
			name = Pods;
			sourceTree = "<group>";
		};
/* End PBXGroup section */

/* Begin PBXHeadersBuildPhase section */
		84EA4E6B225CB7EE00201D20 /* Headers */ = {
			isa = PBXHeadersBuildPhase;
			buildActionMask = 2147483647;
			files = (
				84EA4F4522663BF000201D20 /* OCVPoint+Private.h in Headers */,
				84EA4F35225F401900201D20 /* OCVSize+Private.h in Headers */,
				84EA4F27225DF64B00201D20 /* OCVMat.h in Headers */,
				84EA4F34225F401500201D20 /* OCVMat+Private.h in Headers */,
				84EA4F382266372E00201D20 /* Drawing.h in Headers */,
				84EA4E81225CB7EF00201D20 /* ObjectiveCV.h in Headers */,
				84EA4F31225E4D7D00201D20 /* OCVSize.h in Headers */,
				84EA4F3C2266393E00201D20 /* OCVPoint.h in Headers */,
				84EA4F4422663BEB00201D20 /* OCVScalar+Private.h in Headers */,
				84EA4E8C225CC7FA00201D20 /* OpenCV.h in Headers */,
				84EA4F2D225E205A00201D20 /* FeatureDetection.h in Headers */,
				84EA4F412266396B00201D20 /* OCVScalar.h in Headers */,
			);
			runOnlyForDeploymentPostprocessing = 0;
		};
/* End PBXHeadersBuildPhase section */

/* Begin PBXNativeTarget section */
		84EA4E6F225CB7EE00201D20 /* ObjectiveCV */ = {
			isa = PBXNativeTarget;
			buildConfigurationList = 84EA4E84225CB7EF00201D20 /* Build configuration list for PBXNativeTarget "ObjectiveCV" */;
			buildPhases = (
				81424AA256B4FE612B4C377D /* [CP] Check Pods Manifest.lock */,
				84EA4E6B225CB7EE00201D20 /* Headers */,
				84EA4E6C225CB7EE00201D20 /* Sources */,
				84EA4E6D225CB7EE00201D20 /* Frameworks */,
				84EA4E6E225CB7EE00201D20 /* Resources */,
			);
			buildRules = (
			);
			dependencies = (
			);
			name = ObjectiveCV;
			productName = ObjectiveCV;
			productReference = 84EA4E70225CB7EE00201D20 /* ObjectiveCV.framework */;
			productType = "com.apple.product-type.framework";
		};
		84EA4E78225CB7EF00201D20 /* ObjectiveCVTests */ = {
			isa = PBXNativeTarget;
			buildConfigurationList = 84EA4E87225CB7EF00201D20 /* Build configuration list for PBXNativeTarget "ObjectiveCVTests" */;
			buildPhases = (
				390362A9EFF850434126319E /* [CP] Check Pods Manifest.lock */,
				84EA4E75225CB7EF00201D20 /* Sources */,
				84EA4E76225CB7EF00201D20 /* Frameworks */,
				84EA4E77225CB7EF00201D20 /* Resources */,
			);
			buildRules = (
			);
			dependencies = (
				84EA4E7C225CB7EF00201D20 /* PBXTargetDependency */,
			);
			name = ObjectiveCVTests;
			productName = ObjectiveCVTests;
			productReference = 84EA4E79225CB7EF00201D20 /* ObjectiveCVTests.xctest */;
			productType = "com.apple.product-type.bundle.unit-test";
		};
/* End PBXNativeTarget section */

/* Begin PBXProject section */
		84EA4E67225CB7EE00201D20 /* Project object */ = {
			isa = PBXProject;
			attributes = {
				LastUpgradeCheck = 1010;
				ORGANIZATIONNAME = admin;
				TargetAttributes = {
					84EA4E6F225CB7EE00201D20 = {
						CreatedOnToolsVersion = 10.1;
						LastSwiftMigration = 1010;
					};
					84EA4E78225CB7EF00201D20 = {
						CreatedOnToolsVersion = 10.1;
					};
				};
			};
			buildConfigurationList = 84EA4E6A225CB7EE00201D20 /* Build configuration list for PBXProject "ObjectiveCV" */;
			compatibilityVersion = "Xcode 9.3";
			developmentRegion = en;
			hasScannedForEncodings = 0;
			knownRegions = (
				en,
			);
			mainGroup = 84EA4E66225CB7EE00201D20;
			productRefGroup = 84EA4E71225CB7EE00201D20 /* Products */;
			projectDirPath = "";
			projectRoot = "";
			targets = (
				84EA4E6F225CB7EE00201D20 /* ObjectiveCV */,
				84EA4E78225CB7EF00201D20 /* ObjectiveCVTests */,
			);
		};
/* End PBXProject section */

/* Begin PBXResourcesBuildPhase section */
		84EA4E6E225CB7EE00201D20 /* Resources */ = {
			isa = PBXResourcesBuildPhase;
			buildActionMask = 2147483647;
			files = (
			);
			runOnlyForDeploymentPostprocessing = 0;
		};
		84EA4E77225CB7EF00201D20 /* Resources */ = {
			isa = PBXResourcesBuildPhase;
			buildActionMask = 2147483647;
			files = (
			);
			runOnlyForDeploymentPostprocessing = 0;
		};
/* End PBXResourcesBuildPhase section */

/* Begin PBXShellScriptBuildPhase section */
		390362A9EFF850434126319E /* [CP] Check Pods Manifest.lock */ = {
			isa = PBXShellScriptBuildPhase;
			buildActionMask = 2147483647;
			files = (
			);
			inputFileListPaths = (
			);
			inputPaths = (
				"${PODS_PODFILE_DIR_PATH}/Podfile.lock",
				"${PODS_ROOT}/Manifest.lock",
			);
			name = "[CP] Check Pods Manifest.lock";
			outputFileListPaths = (
			);
			outputPaths = (
				"$(DERIVED_FILE_DIR)/Pods-ObjectiveCVTests-checkManifestLockResult.txt",
			);
			runOnlyForDeploymentPostprocessing = 0;
			shellPath = /bin/sh;
			shellScript = "diff \"${PODS_PODFILE_DIR_PATH}/Podfile.lock\" \"${PODS_ROOT}/Manifest.lock\" > /dev/null\nif [ $? != 0 ] ; then\n    # print error to STDERR\n    echo \"error: The sandbox is not in sync with the Podfile.lock. Run 'pod install' or update your CocoaPods installation.\" >&2\n    exit 1\nfi\n# This output is used by Xcode 'outputs' to avoid re-running this script phase.\necho \"SUCCESS\" > \"${SCRIPT_OUTPUT_FILE_0}\"\n";
			showEnvVarsInLog = 0;
		};
		81424AA256B4FE612B4C377D /* [CP] Check Pods Manifest.lock */ = {
			isa = PBXShellScriptBuildPhase;
			buildActionMask = 2147483647;
			files = (
			);
			inputFileListPaths = (
			);
			inputPaths = (
				"${PODS_PODFILE_DIR_PATH}/Podfile.lock",
				"${PODS_ROOT}/Manifest.lock",
			);
			name = "[CP] Check Pods Manifest.lock";
			outputFileListPaths = (
			);
			outputPaths = (
				"$(DERIVED_FILE_DIR)/Pods-ObjectiveCV-checkManifestLockResult.txt",
			);
			runOnlyForDeploymentPostprocessing = 0;
			shellPath = /bin/sh;
			shellScript = "diff \"${PODS_PODFILE_DIR_PATH}/Podfile.lock\" \"${PODS_ROOT}/Manifest.lock\" > /dev/null\nif [ $? != 0 ] ; then\n    # print error to STDERR\n    echo \"error: The sandbox is not in sync with the Podfile.lock. Run 'pod install' or update your CocoaPods installation.\" >&2\n    exit 1\nfi\n# This output is used by Xcode 'outputs' to avoid re-running this script phase.\necho \"SUCCESS\" > \"${SCRIPT_OUTPUT_FILE_0}\"\n";
			showEnvVarsInLog = 0;
		};
/* End PBXShellScriptBuildPhase section */

/* Begin PBXSourcesBuildPhase section */
		84EA4E6C225CB7EE00201D20 /* Sources */ = {
			isa = PBXSourcesBuildPhase;
			buildActionMask = 2147483647;
			files = (
				84EA4F2E225E205A00201D20 /* FeatureDetection.mm in Sources */,
				84EA4F3D2266393E00201D20 /* OCVPoint.mm in Sources */,
				84EA4F392266372E00201D20 /* Drawing.mm in Sources */,
				84EA4F32225E4D7D00201D20 /* OCVSize.mm in Sources */,
				84EA4F422266396B00201D20 /* OCVScalar.mm in Sources */,
				84EA4F28225DF64B00201D20 /* OCVMat.mm in Sources */,
				84EA4E8D225CC7FA00201D20 /* OpenCV.mm in Sources */,
			);
			runOnlyForDeploymentPostprocessing = 0;
		};
		84EA4E75225CB7EF00201D20 /* Sources */ = {
			isa = PBXSourcesBuildPhase;
			buildActionMask = 2147483647;
			files = (
				84EA4E7F225CB7EF00201D20 /* ObjectiveCVTests.m in Sources */,
			);
			runOnlyForDeploymentPostprocessing = 0;
		};
/* End PBXSourcesBuildPhase section */

/* Begin PBXTargetDependency section */
		84EA4E7C225CB7EF00201D20 /* PBXTargetDependency */ = {
			isa = PBXTargetDependency;
			target = 84EA4E6F225CB7EE00201D20 /* ObjectiveCV */;
			targetProxy = 84EA4E7B225CB7EF00201D20 /* PBXContainerItemProxy */;
		};
/* End PBXTargetDependency section */

/* Begin XCBuildConfiguration section */
		84EA4E82225CB7EF00201D20 /* Debug */ = {
			isa = XCBuildConfiguration;
			buildSettings = {
				ALWAYS_SEARCH_USER_PATHS = NO;
				CLANG_ANALYZER_NONNULL = YES;
				CLANG_ANALYZER_NUMBER_OBJECT_CONVERSION = YES_AGGRESSIVE;
				CLANG_CXX_LANGUAGE_STANDARD = "gnu++14";
				CLANG_CXX_LIBRARY = "libc++";
				CLANG_ENABLE_MODULES = YES;
				CLANG_ENABLE_OBJC_ARC = YES;
				CLANG_ENABLE_OBJC_WEAK = YES;
				CLANG_WARN_BLOCK_CAPTURE_AUTORELEASING = YES;
				CLANG_WARN_BOOL_CONVERSION = YES;
				CLANG_WARN_COMMA = YES;
				CLANG_WARN_CONSTANT_CONVERSION = YES;
				CLANG_WARN_DEPRECATED_OBJC_IMPLEMENTATIONS = YES;
				CLANG_WARN_DIRECT_OBJC_ISA_USAGE = YES_ERROR;
				CLANG_WARN_DOCUMENTATION_COMMENTS = YES;
				CLANG_WARN_EMPTY_BODY = YES;
				CLANG_WARN_ENUM_CONVERSION = YES;
				CLANG_WARN_INFINITE_RECURSION = YES;
				CLANG_WARN_INT_CONVERSION = YES;
				CLANG_WARN_NON_LITERAL_NULL_CONVERSION = YES;
				CLANG_WARN_OBJC_IMPLICIT_RETAIN_SELF = YES;
				CLANG_WARN_OBJC_LITERAL_CONVERSION = YES;
				CLANG_WARN_OBJC_ROOT_CLASS = YES_ERROR;
				CLANG_WARN_RANGE_LOOP_ANALYSIS = YES;
				CLANG_WARN_STRICT_PROTOTYPES = YES;
				CLANG_WARN_SUSPICIOUS_MOVE = YES;
				CLANG_WARN_UNGUARDED_AVAILABILITY = YES_AGGRESSIVE;
				CLANG_WARN_UNREACHABLE_CODE = YES;
				CLANG_WARN__DUPLICATE_METHOD_MATCH = YES;
				CODE_SIGN_IDENTITY = "iPhone Developer";
				COPY_PHASE_STRIP = NO;
				CURRENT_PROJECT_VERSION = 1;
				DEBUG_INFORMATION_FORMAT = dwarf;
				ENABLE_STRICT_OBJC_MSGSEND = YES;
				ENABLE_TESTABILITY = YES;
				GCC_C_LANGUAGE_STANDARD = gnu11;
				GCC_DYNAMIC_NO_PIC = NO;
				GCC_NO_COMMON_BLOCKS = YES;
				GCC_OPTIMIZATION_LEVEL = 0;
				GCC_PREPROCESSOR_DEFINITIONS = (
					"DEBUG=1",
					"$(inherited)",
				);
				GCC_WARN_64_TO_32_BIT_CONVERSION = YES;
				GCC_WARN_ABOUT_RETURN_TYPE = YES_ERROR;
				GCC_WARN_UNDECLARED_SELECTOR = YES;
				GCC_WARN_UNINITIALIZED_AUTOS = YES_AGGRESSIVE;
				GCC_WARN_UNUSED_FUNCTION = YES;
				GCC_WARN_UNUSED_VARIABLE = YES;
				IPHONEOS_DEPLOYMENT_TARGET = 12.1;
				MTL_ENABLE_DEBUG_INFO = INCLUDE_SOURCE;
				MTL_FAST_MATH = YES;
				ONLY_ACTIVE_ARCH = YES;
				SDKROOT = iphoneos;
				VERSIONING_SYSTEM = "apple-generic";
				VERSION_INFO_PREFIX = "";
			};
			name = Debug;
		};
		84EA4E83225CB7EF00201D20 /* Release */ = {
			isa = XCBuildConfiguration;
			buildSettings = {
				ALWAYS_SEARCH_USER_PATHS = NO;
				CLANG_ANALYZER_NONNULL = YES;
				CLANG_ANALYZER_NUMBER_OBJECT_CONVERSION = YES_AGGRESSIVE;
				CLANG_CXX_LANGUAGE_STANDARD = "gnu++14";
				CLANG_CXX_LIBRARY = "libc++";
				CLANG_ENABLE_MODULES = YES;
				CLANG_ENABLE_OBJC_ARC = YES;
				CLANG_ENABLE_OBJC_WEAK = YES;
				CLANG_WARN_BLOCK_CAPTURE_AUTORELEASING = YES;
				CLANG_WARN_BOOL_CONVERSION = YES;
				CLANG_WARN_COMMA = YES;
				CLANG_WARN_CONSTANT_CONVERSION = YES;
				CLANG_WARN_DEPRECATED_OBJC_IMPLEMENTATIONS = YES;
				CLANG_WARN_DIRECT_OBJC_ISA_USAGE = YES_ERROR;
				CLANG_WARN_DOCUMENTATION_COMMENTS = YES;
				CLANG_WARN_EMPTY_BODY = YES;
				CLANG_WARN_ENUM_CONVERSION = YES;
				CLANG_WARN_INFINITE_RECURSION = YES;
				CLANG_WARN_INT_CONVERSION = YES;
				CLANG_WARN_NON_LITERAL_NULL_CONVERSION = YES;
				CLANG_WARN_OBJC_IMPLICIT_RETAIN_SELF = YES;
				CLANG_WARN_OBJC_LITERAL_CONVERSION = YES;
				CLANG_WARN_OBJC_ROOT_CLASS = YES_ERROR;
				CLANG_WARN_RANGE_LOOP_ANALYSIS = YES;
				CLANG_WARN_STRICT_PROTOTYPES = YES;
				CLANG_WARN_SUSPICIOUS_MOVE = YES;
				CLANG_WARN_UNGUARDED_AVAILABILITY = YES_AGGRESSIVE;
				CLANG_WARN_UNREACHABLE_CODE = YES;
				CLANG_WARN__DUPLICATE_METHOD_MATCH = YES;
				CODE_SIGN_IDENTITY = "iPhone Developer";
				COPY_PHASE_STRIP = NO;
				CURRENT_PROJECT_VERSION = 1;
				DEBUG_INFORMATION_FORMAT = "dwarf-with-dsym";
				ENABLE_NS_ASSERTIONS = NO;
				ENABLE_STRICT_OBJC_MSGSEND = YES;
				GCC_C_LANGUAGE_STANDARD = gnu11;
				GCC_NO_COMMON_BLOCKS = YES;
				GCC_WARN_64_TO_32_BIT_CONVERSION = YES;
				GCC_WARN_ABOUT_RETURN_TYPE = YES_ERROR;
				GCC_WARN_UNDECLARED_SELECTOR = YES;
				GCC_WARN_UNINITIALIZED_AUTOS = YES_AGGRESSIVE;
				GCC_WARN_UNUSED_FUNCTION = YES;
				GCC_WARN_UNUSED_VARIABLE = YES;
				IPHONEOS_DEPLOYMENT_TARGET = 12.1;
				MTL_ENABLE_DEBUG_INFO = NO;
				MTL_FAST_MATH = YES;
				SDKROOT = iphoneos;
				VALIDATE_PRODUCT = YES;
				VERSIONING_SYSTEM = "apple-generic";
				VERSION_INFO_PREFIX = "";
			};
			name = Release;
		};
		84EA4E85225CB7EF00201D20 /* Debug */ = {
			isa = XCBuildConfiguration;
			baseConfigurationReference = 814753A8B997134BEAC2BCD5 /* Pods-ObjectiveCV.debug.xcconfig */;
			buildSettings = {
				CLANG_ENABLE_MODULES = YES;
				CODE_SIGN_IDENTITY = "";
				CODE_SIGN_STYLE = Automatic;
				DEFINES_MODULE = YES;
				DEVELOPMENT_TEAM = EDK9ZH3WPY;
				DYLIB_COMPATIBILITY_VERSION = 1;
				DYLIB_CURRENT_VERSION = 1;
				DYLIB_INSTALL_NAME_BASE = "@rpath";
				GCC_PREFIX_HEADER = "$(SRCROOT)/ObjectiveCV/PrefixHeader.pch";
				INFOPLIST_FILE = ObjectiveCV/Info.plist;
				INSTALL_PATH = "$(LOCAL_LIBRARY_DIR)/Frameworks";
				LD_RUNPATH_SEARCH_PATHS = (
					"$(inherited)",
					"@executable_path/Frameworks",
					"@loader_path/Frameworks",
				);
				PRODUCT_BUNDLE_IDENTIFIER = bluebridgetech.ObjectiveCV;
				PRODUCT_NAME = "$(TARGET_NAME:c99extidentifier)";
				SKIP_INSTALL = YES;
				SWIFT_OPTIMIZATION_LEVEL = "-Onone";
				SWIFT_VERSION = 4.2;
				TARGETED_DEVICE_FAMILY = "1,2";
			};
			name = Debug;
		};
		84EA4E86225CB7EF00201D20 /* Release */ = {
			isa = XCBuildConfiguration;
			baseConfigurationReference = 83ABD81061AE378EC46C4BEB /* Pods-ObjectiveCV.release.xcconfig */;
			buildSettings = {
				CLANG_ENABLE_MODULES = YES;
				CODE_SIGN_IDENTITY = "";
				CODE_SIGN_STYLE = Automatic;
				DEFINES_MODULE = YES;
				DEVELOPMENT_TEAM = EDK9ZH3WPY;
				DYLIB_COMPATIBILITY_VERSION = 1;
				DYLIB_CURRENT_VERSION = 1;
				DYLIB_INSTALL_NAME_BASE = "@rpath";
				GCC_PREFIX_HEADER = "$(SRCROOT)/ObjectiveCV/PrefixHeader.pch";
				INFOPLIST_FILE = ObjectiveCV/Info.plist;
				INSTALL_PATH = "$(LOCAL_LIBRARY_DIR)/Frameworks";
				LD_RUNPATH_SEARCH_PATHS = (
					"$(inherited)",
					"@executable_path/Frameworks",
					"@loader_path/Frameworks",
				);
				PRODUCT_BUNDLE_IDENTIFIER = bluebridgetech.ObjectiveCV;
				PRODUCT_NAME = "$(TARGET_NAME:c99extidentifier)";
				SKIP_INSTALL = YES;
				SWIFT_VERSION = 4.2;
				TARGETED_DEVICE_FAMILY = "1,2";
			};
			name = Release;
		};
		84EA4E88225CB7EF00201D20 /* Debug */ = {
			isa = XCBuildConfiguration;
			baseConfigurationReference = B67F6E9F6D0EBD7F753354C8 /* Pods-ObjectiveCVTests.debug.xcconfig */;
			buildSettings = {
				CODE_SIGN_STYLE = Automatic;
				DEVELOPMENT_TEAM = EDK9ZH3WPY;
				INFOPLIST_FILE = ObjectiveCVTests/Info.plist;
				LD_RUNPATH_SEARCH_PATHS = (
					"$(inherited)",
					"@executable_path/Frameworks",
					"@loader_path/Frameworks",
				);
				PRODUCT_BUNDLE_IDENTIFIER = bluebridgetech.ObjectiveCVTests;
				PRODUCT_NAME = "$(TARGET_NAME)";
				TARGETED_DEVICE_FAMILY = "1,2";
			};
			name = Debug;
		};
		84EA4E89225CB7EF00201D20 /* Release */ = {
			isa = XCBuildConfiguration;
			baseConfigurationReference = 17477DE98572FAB0DC0E829E /* Pods-ObjectiveCVTests.release.xcconfig */;
			buildSettings = {
				CODE_SIGN_STYLE = Automatic;
				DEVELOPMENT_TEAM = EDK9ZH3WPY;
				INFOPLIST_FILE = ObjectiveCVTests/Info.plist;
				LD_RUNPATH_SEARCH_PATHS = (
					"$(inherited)",
					"@executable_path/Frameworks",
					"@loader_path/Frameworks",
				);
				PRODUCT_BUNDLE_IDENTIFIER = bluebridgetech.ObjectiveCVTests;
				PRODUCT_NAME = "$(TARGET_NAME)";
				TARGETED_DEVICE_FAMILY = "1,2";
			};
			name = Release;
		};
/* End XCBuildConfiguration section */

/* Begin XCConfigurationList section */
		84EA4E6A225CB7EE00201D20 /* Build configuration list for PBXProject "ObjectiveCV" */ = {
			isa = XCConfigurationList;
			buildConfigurations = (
				84EA4E82225CB7EF00201D20 /* Debug */,
				84EA4E83225CB7EF00201D20 /* Release */,
			);
			defaultConfigurationIsVisible = 0;
			defaultConfigurationName = Release;
		};
		84EA4E84225CB7EF00201D20 /* Build configuration list for PBXNativeTarget "ObjectiveCV" */ = {
			isa = XCConfigurationList;
			buildConfigurations = (
				84EA4E85225CB7EF00201D20 /* Debug */,
				84EA4E86225CB7EF00201D20 /* Release */,
			);
			defaultConfigurationIsVisible = 0;
			defaultConfigurationName = Release;
		};
		84EA4E87225CB7EF00201D20 /* Build configuration list for PBXNativeTarget "ObjectiveCVTests" */ = {
			isa = XCConfigurationList;
			buildConfigurations = (
				84EA4E88225CB7EF00201D20 /* Debug */,
				84EA4E89225CB7EF00201D20 /* Release */,
			);
			defaultConfigurationIsVisible = 0;
			defaultConfigurationName = Release;
		};
/* End XCConfigurationList section */
	};
	rootObject = 84EA4E67225CB7EE00201D20 /* Project object */;
}
